<?xml version="1.0" encoding="utf-8"?>
<Project ToolsVersion="4.0" xmlns="http://schemas.microsoft.com/developer/msbuild/2003">
  <ItemGroup>
    <Filter Include="app"><UniqueIdentifier>{19510EFC-913F-47C8-98D7-A9CBEE771880}</UniqueIdentifier></Filter>
    <Filter Include="core"><UniqueIdentifier>{5E820F35-7B1B-4642-8D4D-B8774EAA01E4}</UniqueIdentifier></Filter>
    <Filter Include="media"><UniqueIdentifier>{3DC37D66-A060-4CBB-B54B-34832B85CFAE}</UniqueIdentifier></Filter>
    <Filter Include="media\image"><UniqueIdentifier>{D29F7B20-FC46-4C45-8B54-70068571C376}</UniqueIdentifier></Filter>
    <Filter Include="media\video"><UniqueIdentifier>{F6290485-677D-420D-A293-AFE3692A2E21}</UniqueIdentifier></Filter>
    <Filter Include="render"><UniqueIdentifier>{8F352D48-F76E-41FD-84AA-E3D5628F4913}</UniqueIdentifier></Filter>
    <Filter Include="shell"><UniqueIdentifier>{20A78913-F3C8-48F2-ABDA-3FA88DE80B58}</UniqueIdentifier></Filter>
    <Filter Include="platform"><UniqueIdentifier>{798A4B97-9BCA-48F6-B265-6D29F01749A7}</UniqueIdentifier></Filter>
  </ItemGroup>
  <ItemGroup>
    <ClCompile Include="src\app\main.cpp"><Filter>app</Filter></ClCompile>
    <ClCompile Include="src\app\ModernMainWindow.cpp"><Filter>app</Filter></ClCompile>
    <ClCompile Include="src\app\UpdateChecker.cpp"><Filter>app</Filter></ClCompile>
    <ClCompile Include="src\app\WallpaperApplication.cpp"><Filter>app</Filter></ClCompile>
    <ClCompile Include="src\core\InstanceCoordinator.cpp"><Filter>core</Filter></ClCompile>
    <ClCompile Include="src\core\Logger.cpp"><Filter>core</Filter></ClCompile>
    <ClCompile Include="src\core\ShareArchive.cpp"><Filter>core</Filter></ClCompile>
    <ClCompile Include="src\core\SettingsStore.cpp"><Filter>core</Filter></ClCompile>
    <ClCompile Include="src\core\WallpaperLibrary.cpp"><Filter>core</Filter></ClCompile>
    <ClCompile Include="src\core\WallpaperLibrarySelfTest.cpp"><Filter>core</Filter></ClCompile>
    <ClCompile Include="src\media\MediaProbe.cpp"><Filter>media</Filter></ClCompile>
    <ClCompile Include="src\media\image\GifPlayer.cpp"><Filter>media\image</Filter></ClCompile>
    <ClCompile Include="src\media\image\WicImageLoader.cpp"><Filter>media\image</Filter></ClCompile>
    <ClCompile Include="src\media\video\MediaEnginePlayer.cpp"><Filter>media\video</Filter></ClCompile>
    <ClCompile Include="src\render\D3DRenderer.cpp"><Filter>render</Filter></ClCompile>
    <ClCompile Include="src\shell\DesktopHost.cpp"><Filter>shell</Filter></ClCompile>
    <ClCompile Include="src\platform\ProcessResourceMonitor.cpp"><Filter>platform</Filter></ClCompile>
  </ItemGroup>
  <ItemGroup>
    <ClInclude Include="src\app\WallpaperApplication.h"><Filter>app</Filter></ClInclude>
    <ClInclude Include="src\app\ModernMainWindow.h"><Filter>app</Filter></ClInclude>
    <ClInclude Include="src\app\UpdateChecker.h"><Filter>app</Filter></ClInclude>
    <ClInclude Include="src\core\InstanceCoordinator.h"><Filter>core</Filter></ClInclude>
    <ClInclude Include="src\core\Logger.h"><Filter>core</Filter></ClInclude>
    <ClInclude Include="src\core\ShareArchive.h"><Filter>core</Filter></ClInclude>
    <ClInclude Include="src\core\SettingsStore.h"><Filter>core</Filter></ClInclude>
    <ClInclude Include="src\core\WallpaperLibrary.h"><Filter>core</Filter></ClInclude>
    <ClInclude Include="src\core\WallpaperLibrarySelfTest.h"><Filter>core</Filter></ClInclude>
    <ClInclude Include="src\media\MediaProbe.h"><Filter>media</Filter></ClInclude>
    <ClInclude Include="src\media\MediaTypes.h"><Filter>media</Filter></ClInclude>
    <ClInclude Include="src\media\image\GifPlayer.h"><Filter>media\image</Filter></ClInclude>
    <ClInclude Include="src\media\image\WicImageLoader.h"><Filter>media\image</Filter></ClInclude>
    <ClInclude Include="src\media\video\MediaEnginePlayer.h"><Filter>media\video</Filter></ClInclude>
    <ClInclude Include="src\render\D3DRenderer.h"><Filter>render</Filter></ClInclude>
    <ClInclude Include="src\shell\DesktopHost.h"><Filter>shell</Filter></ClInclude>
    <ClInclude Include="src\platform\ProcessResourceMonitor.h"><Filter>platform</Filter></ClInclude>
  </ItemGroup>
  <ItemGroup>
    <Manifest Include="src\app\app.manifest"><Filter>app</Filter></Manifest>
    <ResourceCompile Include="src\app\version.rc"><Filter>app</Filter></ResourceCompile>
  </ItemGroup>
</Project>
